{
  "name": "node-2fa",
  "version": "1.1.2",
  "lockfileVersion": 1,
  "requires": true,
  "dependencies": {
    "lodash": {
      "version": "4.17.10",
      "resolved": "https://registry.npmjs.org/lodash/-/lodash-4.17.10.tgz",
      "integrity": "sha512-UejweD1pDoXu+AD825lWwp4ZGtSwgnpZxb3JDViD7StjQz+Nb/6l093lx4OQ0foGWNRoc19mWy7BzL+UAK2iVg=="
    },
    "notp": {
      "version": "git+https://github.com/juan-restrepo/notp.git#c63ab16f4f0a76707c5353dea8989708d4dc307c",
      "requires": {
        "lodash": "4.17.10"
      }
    },
    "thirty-two": {
      "version": "0.0.2",
      "resolved": "https://registry.npmjs.org/thirty-two/-/thirty-two-0.0.2.tgz",
      "integrity": "sha1-QlPinYywWPBIAmfFaYwOSSflS2o="
    }
  }
}
